
Microsoft Visual Studio Solution File, Format Version 12.00
# Visual Studio Version 17
VisualStudioVersion = 17.10.35013.160
MinimumVisualStudioVersion = 10.0.40219.1
Project("{FAE04EC0-301F-11D3-BF4B-00C04F79EFBC}") = "Topic 9 - Assignment", "Topic 9 - Assignment.csproj", "{8A11C7BE-45B2-4693-974E-89803795D052}"
EndProject
Global
	GlobalSection(SolutionConfigurationPlatforms) = preSolution
		Debug|Any CPU = Debug|Any CPU
		Release|Any CPU = Release|Any CPU
	EndGlobalSection
	GlobalSection(ProjectConfigurationPlatforms) = postSolution
		{8A11C7BE-45B2-4693-974E-89803795D052}.Debug|Any CPU.ActiveCfg = Debug|Any CPU
		{8A11C7BE-45B2-4693-974E-89803795D052}.Debug|Any CPU.Build.0 = Debug|Any CPU
		{8A11C7BE-45B2-4693-974E-89803795D052}.Release|Any CPU.ActiveCfg = Release|Any CPU
		{8A11C7BE-45B2-4693-974E-89803795D052}.Release|Any CPU.Build.0 = Release|Any CPU
	EndGlobalSection
	GlobalSection(SolutionProperties) = preSolution
		HideSolutionNode = FALSE
	EndGlobalSection
	GlobalSection(ExtensibilityGlobals) = postSolution
		SolutionGuid = {68C8D5EA-6851-4374-B4A3-233A9E2DE15C}
	EndGlobalSection
EndGlobal
